// !$*UTF8*$!
{
	archiveVersion = 1;
	classes = {
	};
	objectVersion = 55;
	objects = {

/* Begin PBXBuildFile section */
		1FD11E87FAADB4C21E649A62 /* Pods_piaxv5firebase.framework in Frameworks */ = {isa = PBXBuildFile; fileRef = 39F14EDA6F3612B0DDBA458F /* Pods_piaxv5firebase.framework */; };
		ABD3F2ED270AE3CF0056DFDF /* AppDelegate.swift in Sources */ = {isa = PBXBuildFile; fileRef = ABD3F2EC270AE3CF0056DFDF /* AppDelegate.swift */; };
		ABD3F2EF270AE3CF0056DFDF /* SceneDelegate.swift in Sources */ = {isa = PBXBuildFile; fileRef = ABD3F2EE270AE3CF0056DFDF /* SceneDelegate.swift */; };
		ABD3F2F1270AE3CF0056DFDF /* ViewController.swift in Sources */ = {isa = PBXBuildFile; fileRef = ABD3F2F0270AE3CF0056DFDF /* ViewController.swift */; };
		ABD3F2F4270AE3CF0056DFDF /* Main.storyboard in Resources */ = {isa = PBXBuildFile; fileRef = ABD3F2F2270AE3CF0056DFDF /* Main.storyboard */; };
		ABD3F2F6270AE3D00056DFDF /* Assets.xcassets in Resources */ = {isa = PBXBuildFile; fileRef = ABD3F2F5270AE3D00056DFDF /* Assets.xcassets */; };
		ABD3F2F9270AE3D00056DFDF /* LaunchScreen.storyboard in Resources */ = {isa = PBXBuildFile; fileRef = ABD3F2F7270AE3D00056DFDF /* LaunchScreen.storyboard */; };
		ABD3F301270AE9540056DFDF /* GoogleService-Info.plist in Resources */ = {isa = PBXBuildFile; fileRef = ABD3F300270AE9540056DFDF /* GoogleService-Info.plist */; };
		ABD3F303270AFAC60056DFDF /* RadenTableViewCell.swift in Sources */ = {isa = PBXBuildFile; fileRef = ABD3F302270AFAC60056DFDF /* RadenTableViewCell.swift */; };
		ABD3F305270B12AB0056DFDF /* MoreinfoViewController.swift in Sources */ = {isa = PBXBuildFile; fileRef = ABD3F304270B12AB0056DFDF /* MoreinfoViewController.swift */; };
/* End PBXBuildFile section */

/* Begin PBXFileReference section */
		31DA8047B42F3194A690AB43 /* Pods-piaxv5firebase.debug.xcconfig */ = {isa = PBXFileReference; includeInIndex = 1; lastKnownFileType = text.xcconfig; name = "Pods-piaxv5firebase.debug.xcconfig"; path = "Target Support Files/Pods-piaxv5firebase/Pods-piaxv5firebase.debug.xcconfig"; sourceTree = "<group>"; };
		39F14EDA6F3612B0DDBA458F /* Pods_piaxv5firebase.framework */ = {isa = PBXFileReference; explicitFileType = wrapper.framework; includeInIndex = 0; path = Pods_piaxv5firebase.framework; sourceTree = BUILT_PRODUCTS_DIR; };
		9434ECD7EEC2843802FAB1F4 /* Pods-piaxv5firebase.release.xcconfig */ = {isa = PBXFileReference; includeInIndex = 1; lastKnownFileType = text.xcconfig; name = "Pods-piaxv5firebase.release.xcconfig"; path = "Target Support Files/Pods-piaxv5firebase/Pods-piaxv5firebase.release.xcconfig"; sourceTree = "<group>"; };
		ABD3F2E9270AE3CF0056DFDF /* piaxv5firebase.app */ = {isa = PBXFileReference; explicitFileType = wrapper.application; includeInIndex = 0; path = piaxv5firebase.app; sourceTree = BUILT_PRODUCTS_DIR; };
		ABD3F2EC270AE3CF0056DFDF /* AppDelegate.swift */ = {isa = PBXFileReference; lastKnownFileType = sourcecode.swift; path = AppDelegate.swift; sourceTree = "<group>"; };
		ABD3F2EE270AE3CF0056DFDF /* SceneDelegate.swift */ = {isa = PBXFileReference; lastKnownFileType = sourcecode.swift; path = SceneDelegate.swift; sourceTree = "<group>"; };
		ABD3F2F0270AE3CF0056DFDF /* ViewController.swift */ = {isa = PBXFileReference; lastKnownFileType = sourcecode.swift; path = ViewController.swift; sourceTree = "<group>"; };
		ABD3F2F3270AE3CF0056DFDF /* Base */ = {isa = PBXFileReference; lastKnownFileType = file.storyboard; name = Base; path = Base.lproj/Main.storyboard; sourceTree = "<group>"; };
		ABD3F2F5270AE3D00056DFDF /* Assets.xcassets */ = {isa = PBXFileReference; lastKnownFileType = folder.assetcatalog; path = Assets.xcassets; sourceTree = "<group>"; };
		ABD3F2F8270AE3D00056DFDF /* Base */ = {isa = PBXFileReference; lastKnownFileType = file.storyboard; name = Base; path = Base.lproj/LaunchScreen.storyboard; sourceTree = "<group>"; };
		ABD3F2FA270AE3D00056DFDF /* Info.plist */ = {isa = PBXFileReference; lastKnownFileType = text.plist.xml; path = Info.plist; sourceTree = "<group>"; };
		ABD3F300270AE9540056DFDF /* GoogleService-Info.plist */ = {isa = PBXFileReference; fileEncoding = 4; lastKnownFileType = text.plist.xml; path = "GoogleService-Info.plist"; sourceTree = "<group>"; };
		ABD3F302270AFAC60056DFDF /* RadenTableViewCell.swift */ = {isa = PBXFileReference; lastKnownFileType = sourcecode.swift; path = RadenTableViewCell.swift; sourceTree = "<group>"; };
		ABD3F304270B12AB0056DFDF /* MoreinfoViewController.swift */ = {isa = PBXFileReference; lastKnownFileType = sourcecode.swift; path = MoreinfoViewController.swift; sourceTree = "<group>"; };
/* End PBXFileReference section */

/* Begin PBXFrameworksBuildPhase section */
		ABD3F2E6270AE3CF0056DFDF /* Frameworks */ = {
			isa = PBXFrameworksBuildPhase;
			buildActionMask = 2147483647;
			files = (
				1FD11E87FAADB4C21E649A62 /* Pods_piaxv5firebase.framework in Frameworks */,
			);
			runOnlyForDeploymentPostprocessing = 0;
		};
/* End PBXFrameworksBuildPhase section */

/* Begin PBXGroup section */
		24AFD7A12EDB722663AFC3B1 /* Pods */ = {
			isa = PBXGroup;
			children = (
				31DA8047B42F3194A690AB43 /* Pods-piaxv5firebase.debug.xcconfig */,
				9434ECD7EEC2843802FAB1F4 /* Pods-piaxv5firebase.release.xcconfig */,
			);
			path = Pods;
			sourceTree = "<group>";
		};
		9EE61C0559BA43A0CA1DE4AB /* Frameworks */ = {
			isa = PBXGroup;
			children = (
				39F14EDA6F3612B0DDBA458F /* Pods_piaxv5firebase.framework */,
			);
			name = Frameworks;
			sourceTree = "<group>";
		};
		ABD3F2E0270AE3CF0056DFDF = {
			isa = PBXGroup;
			children = (
				ABD3F2EB270AE3CF0056DFDF /* piaxv5firebase */,
				ABD3F2EA270AE3CF0056DFDF /* Products */,
				24AFD7A12EDB722663AFC3B1 /* Pods */,
				9EE61C0559BA43A0CA1DE4AB /* Frameworks */,
			);
			sourceTree = "<group>";
		};
		ABD3F2EA270AE3CF0056DFDF /* Products */ = {
			isa = PBXGroup;
			children = (
				ABD3F2E9270AE3CF0056DFDF /* piaxv5firebase.app */,
			);
			name = Products;
			sourceTree = "<group>";
		};
		ABD3F2EB270AE3CF0056DFDF /* piaxv5firebase */ = {
			isa = PBXGroup;
			children = (
				ABD3F300270AE9540056DFDF /* GoogleService-Info.plist */,
				ABD3F2EC270AE3CF0056DFDF /* AppDelegate.swift */,
				ABD3F2EE270AE3CF0056DFDF /* SceneDelegate.swift */,
				ABD3F2F0270AE3CF0056DFDF /* ViewController.swift */,
				ABD3F2F2270AE3CF0056DFDF /* Main.storyboard */,
				ABD3F304270B12AB0056DFDF /* MoreinfoViewController.swift */,
				ABD3F302270AFAC60056DFDF /* RadenTableViewCell.swift */,
				ABD3F2F5270AE3D00056DFDF /* Assets.xcassets */,
				ABD3F2F7270AE3D00056DFDF /* LaunchScreen.storyboard */,
				ABD3F2FA270AE3D00056DFDF /* Info.plist */,
			);
			path = piaxv5firebase;
			sourceTree = "<group>";
		};
/* End PBXGroup section */

/* Begin PBXNativeTarget section */
		ABD3F2E8270AE3CF0056DFDF /* piaxv5firebase */ = {
			isa = PBXNativeTarget;
			buildConfigurationList = ABD3F2FD270AE3D00056DFDF /* Build configuration list for PBXNativeTarget "piaxv5firebase" */;
			buildPhases = (
				DAC356F6A57502639BD10296 /* [CP] Check Pods Manifest.lock */,
				ABD3F2E5270AE3CF0056DFDF /* Sources */,
				ABD3F2E6270AE3CF0056DFDF /* Frameworks */,
				ABD3F2E7270AE3CF0056DFDF /* Resources */,
				B28AE676D9B8923C5820E191 /* [CP] Embed Pods Frameworks */,
			);
			buildRules = (
			);
			dependencies = (
			);
			name = piaxv5firebase;
			productName = piaxv5firebase;
			productReference = ABD3F2E9270AE3CF0056DFDF /* piaxv5firebase.app */;
			productType = "com.apple.product-type.application";
		};
/* End PBXNativeTarget section */

/* Begin PBXProject section */
		ABD3F2E1270AE3CF0056DFDF /* Project object */ = {
			isa = PBXProject;
			attributes = {
				BuildIndependentTargetsInParallel = 1;
				LastSwiftUpdateCheck = 1300;
				LastUpgradeCheck = 1300;
				TargetAttributes = {
					ABD3F2E8270AE3CF0056DFDF = {
						CreatedOnToolsVersion = 13.0;
					};
				};
			};
			buildConfigurationList = ABD3F2E4270AE3CF0056DFDF /* Build configuration list for PBXProject "piaxv5firebase" */;
			compatibilityVersion = "Xcode 13.0";
			developmentRegion = en;
			hasScannedForEncodings = 0;
			knownRegions = (
				en,
				Base,
			);
			mainGroup = ABD3F2E0270AE3CF0056DFDF;
			productRefGroup = ABD3F2EA270AE3CF0056DFDF /* Products */;
			projectDirPath = "";
			projectRoot = "";
			targets = (
				ABD3F2E8270AE3CF0056DFDF /* piaxv5firebase */,
			);
		};
/* End PBXProject section */

/* Begin PBXResourcesBuildPhase section */
		ABD3F2E7270AE3CF0056DFDF /* Resources */ = {
			isa = PBXResourcesBuildPhase;
			buildActionMask = 2147483647;
			files = (
				ABD3F2F9270AE3D00056DFDF /* LaunchScreen.storyboard in Resources */,
				ABD3F301270AE9540056DFDF /* GoogleService-Info.plist in Resources */,
				ABD3F2F6270AE3D00056DFDF /* Assets.xcassets in Resources */,
				ABD3F2F4270AE3CF0056DFDF /* Main.storyboard in Resources */,
			);
			runOnlyForDeploymentPostprocessing = 0;
		};
/* End PBXResourcesBuildPhase section */

/* Begin PBXShellScriptBuildPhase section */
		B28AE676D9B8923C5820E191 /* [CP] Embed Pods Frameworks */ = {
			isa = PBXShellScriptBuildPhase;
			buildActionMask = 2147483647;
			files = (
			);
			inputFileListPaths = (
				"${PODS_ROOT}/Target Support Files/Pods-piaxv5firebase/Pods-piaxv5firebase-frameworks-${CONFIGURATION}-input-files.xcfilelist",
			);
			name = "[CP] Embed Pods Frameworks";
			outputFileListPaths = (
				"${PODS_ROOT}/Target Support Files/Pods-piaxv5firebase/Pods-piaxv5firebase-frameworks-${CONFIGURATION}-output-files.xcfilelist",
			);
			runOnlyForDeploymentPostprocessing = 0;
			shellPath = /bin/sh;
			shellScript = "\"${PODS_ROOT}/Target Support Files/Pods-piaxv5firebase/Pods-piaxv5firebase-frameworks.sh\"\n";
			showEnvVarsInLog = 0;
		};
		DAC356F6A57502639BD10296 /* [CP] Check Pods Manifest.lock */ = {
			isa = PBXShellScriptBuildPhase;
			buildActionMask = 2147483647;
			files = (
			);
			inputFileListPaths = (
			);
			inputPaths = (
				"${PODS_PODFILE_DIR_PATH}/Podfile.lock",
				"${PODS_ROOT}/Manifest.lock",
			);
			name = "[CP] Check Pods Manifest.lock";
			outputFileListPaths = (
			);
			outputPaths = (
				"$(DERIVED_FILE_DIR)/Pods-piaxv5firebase-checkManifestLockResult.txt",
			);
			runOnlyForDeploymentPostprocessing = 0;
			shellPath = /bin/sh;
			shellScript = "diff \"${PODS_PODFILE_DIR_PATH}/Podfile.lock\" \"${PODS_ROOT}/Manifest.lock\" > /dev/null\nif [ $? != 0 ] ; then\n    # print error to STDERR\n    echo \"error: The sandbox is not in sync with the Podfile.lock. Run 'pod install' or update your CocoaPods installation.\" >&2\n    exit 1\nfi\n# This output is used by Xcode 'outputs' to avoid re-running this script phase.\necho \"SUCCESS\" > \"${SCRIPT_OUTPUT_FILE_0}\"\n";
			showEnvVarsInLog = 0;
		};
/* End PBXShellScriptBuildPhase section */

/* Begin PBXSourcesBuildPhase section */
		ABD3F2E5270AE3CF0056DFDF /* Sources */ = {
			isa = PBXSourcesBuildPhase;
			buildActionMask = 2147483647;
			files = (
				ABD3F303270AFAC60056DFDF /* RadenTableViewCell.swift in Sources */,
				ABD3F2F1270AE3CF0056DFDF /* ViewController.swift in Sources */,
				ABD3F2ED270AE3CF0056DFDF /* AppDelegate.swift in Sources */,
				ABD3F305270B12AB0056DFDF /* MoreinfoViewController.swift in Sources */,
				ABD3F2EF270AE3CF0056DFDF /* SceneDelegate.swift in Sources */,
			);
			runOnlyForDeploymentPostprocessing = 0;
		};
/* End PBXSourcesBuildPhase section */

/* Begin PBXVariantGroup section */
		ABD3F2F2270AE3CF0056DFDF /* Main.storyboard */ = {
			isa = PBXVariantGroup;
			children = (
				ABD3F2F3270AE3CF0056DFDF /* Base */,
			);
			name = Main.storyboard;
			sourceTree = "<group>";
		};
		ABD3F2F7270AE3D00056DFDF /* LaunchScreen.storyboard */ = {
			isa = PBXVariantGroup;
			children = (
				ABD3F2F8270AE3D00056DFDF /* Base */,
			);
			name = LaunchScreen.storyboard;
			sourceTree = "<group>";
		};
/* End PBXVariantGroup section */

/* Begin XCBuildConfiguration section */
		ABD3F2FB270AE3D00056DFDF /* Debug */ = {
			isa = XCBuildConfiguration;
			buildSettings = {
				ALWAYS_SEARCH_USER_PATHS = NO;
				CLANG_ANALYZER_NONNULL = YES;
				CLANG_ANALYZER_NUMBER_OBJECT_CONVERSION = YES_AGGRESSIVE;
				CLANG_CXX_LANGUAGE_STANDARD = "gnu++17";
				CLANG_CXX_LIBRARY = "libc++";
				CLANG_ENABLE_MODULES = YES;
				CLANG_ENABLE_OBJC_ARC = YES;
				CLANG_ENABLE_OBJC_WEAK = YES;
				CLANG_WARN_BLOCK_CAPTURE_AUTORELEASING = YES;
				CLANG_WARN_BOOL_CONVERSION = YES;
				CLANG_WARN_COMMA = YES;
				CLANG_WARN_CONSTANT_CONVERSION = YES;
				CLANG_WARN_DEPRECATED_OBJC_IMPLEMENTATIONS = YES;
				CLANG_WARN_DIRECT_OBJC_ISA_USAGE = YES_ERROR;
				CLANG_WARN_DOCUMENTATION_COMMENTS = YES;
				CLANG_WARN_EMPTY_BODY = YES;
				CLANG_WARN_ENUM_CONVERSION = YES;
				CLANG_WARN_INFINITE_RECURSION = YES;
				CLANG_WARN_INT_CONVERSION = YES;
				CLANG_WARN_NON_LITERAL_NULL_CONVERSION = YES;
				CLANG_WARN_OBJC_IMPLICIT_RETAIN_SELF = YES;
				CLANG_WARN_OBJC_LITERAL_CONVERSION = YES;
				CLANG_WARN_OBJC_ROOT_CLASS = YES_ERROR;
				CLANG_WARN_QUOTED_INCLUDE_IN_FRAMEWORK_HEADER = YES;
				CLANG_WARN_RANGE_LOOP_ANALYSIS = YES;
				CLANG_WARN_STRICT_PROTOTYPES = YES;
				CLANG_WARN_SUSPICIOUS_MOVE = YES;
				CLANG_WARN_UNGUARDED_AVAILABILITY = YES_AGGRESSIVE;
				CLANG_WARN_UNREACHABLE_CODE = YES;
				CLANG_WARN__DUPLICATE_METHOD_MATCH = YES;
				COPY_PHASE_STRIP = NO;
				DEBUG_INFORMATION_FORMAT = dwarf;
				ENABLE_STRICT_OBJC_MSGSEND = YES;
				ENABLE_TESTABILITY = YES;
				GCC_C_LANGUAGE_STANDARD = gnu11;
				GCC_DYNAMIC_NO_PIC = NO;
				GCC_NO_COMMON_BLOCKS = YES;
				GCC_OPTIMIZATION_LEVEL = 0;
				GCC_PREPROCESSOR_DEFINITIONS = (
					"DEBUG=1",
					"$(inherited)",
				);
				GCC_WARN_64_TO_32_BIT_CONVERSION = YES;
				GCC_WARN_ABOUT_RETURN_TYPE = YES_ERROR;
				GCC_WARN_UNDECLARED_SELECTOR = YES;
				GCC_WARN_UNINITIALIZED_AUTOS = YES_AGGRESSIVE;
				GCC_WARN_UNUSED_FUNCTION = YES;
				GCC_WARN_UNUSED_VARIABLE = YES;
				IPHONEOS_DEPLOYMENT_TARGET = 15.0;
				MTL_ENABLE_DEBUG_INFO = INCLUDE_SOURCE;
				MTL_FAST_MATH = YES;
				ONLY_ACTIVE_ARCH = YES;
				SDKROOT = iphoneos;
				SWIFT_ACTIVE_COMPILATION_CONDITIONS = DEBUG;
				SWIFT_OPTIMIZATION_LEVEL = "-Onone";
			};
			name = Debug;
		};
		ABD3F2FC270AE3D00056DFDF /* Release */ = {
			isa = XCBuildConfiguration;
			buildSettings = {
				ALWAYS_SEARCH_USER_PATHS = NO;
				CLANG_ANALYZER_NONNULL = YES;
				CLANG_ANALYZER_NUMBER_OBJECT_CONVERSION = YES_AGGRESSIVE;
				CLANG_CXX_LANGUAGE_STANDARD = "gnu++17";
				CLANG_CXX_LIBRARY = "libc++";
				CLANG_ENABLE_MODULES = YES;
				CLANG_ENABLE_OBJC_ARC = YES;
				CLANG_ENABLE_OBJC_WEAK = YES;
				CLANG_WARN_BLOCK_CAPTURE_AUTORELEASING = YES;
				CLANG_WARN_BOOL_CONVERSION = YES;
				CLANG_WARN_COMMA = YES;
				CLANG_WARN_CONSTANT_CONVERSION = YES;
				CLANG_WARN_DEPRECATED_OBJC_IMPLEMENTATIONS = YES;
				CLANG_WARN_DIRECT_OBJC_ISA_USAGE = YES_ERROR;
				CLANG_WARN_DOCUMENTATION_COMMENTS = YES;
				CLANG_WARN_EMPTY_BODY = YES;
				CLANG_WARN_ENUM_CONVERSION = YES;
				CLANG_WARN_INFINITE_RECURSION = YES;
				CLANG_WARN_INT_CONVERSION = YES;
				CLANG_WARN_NON_LITERAL_NULL_CONVERSION = YES;
				CLANG_WARN_OBJC_IMPLICIT_RETAIN_SELF = YES;
				CLANG_WARN_OBJC_LITERAL_CONVERSION = YES;
				CLANG_WARN_OBJC_ROOT_CLASS = YES_ERROR;
				CLANG_WARN_QUOTED_INCLUDE_IN_FRAMEWORK_HEADER = YES;
				CLANG_WARN_RANGE_LOOP_ANALYSIS = YES;
				CLANG_WARN_STRICT_PROTOTYPES = YES;
				CLANG_WARN_SUSPICIOUS_MOVE = YES;
				CLANG_WARN_UNGUARDED_AVAILABILITY = YES_AGGRESSIVE;
				CLANG_WARN_UNREACHABLE_CODE = YES;
				CLANG_WARN__DUPLICATE_METHOD_MATCH = YES;
				COPY_PHASE_STRIP = NO;
				DEBUG_INFORMATION_FORMAT = "dwarf-with-dsym";
				ENABLE_NS_ASSERTIONS = NO;
				ENABLE_STRICT_OBJC_MSGSEND = YES;
				GCC_C_LANGUAGE_STANDARD = gnu11;
				GCC_NO_COMMON_BLOCKS = YES;
				GCC_WARN_64_TO_32_BIT_CONVERSION = YES;
				GCC_WARN_ABOUT_RETURN_TYPE = YES_ERROR;
				GCC_WARN_UNDECLARED_SELECTOR = YES;
				GCC_WARN_UNINITIALIZED_AUTOS = YES_AGGRESSIVE;
				GCC_WARN_UNUSED_FUNCTION = YES;
				GCC_WARN_UNUSED_VARIABLE = YES;
				IPHONEOS_DEPLOYMENT_TARGET = 15.0;
				MTL_ENABLE_DEBUG_INFO = NO;
				MTL_FAST_MATH = YES;
				SDKROOT = iphoneos;
				SWIFT_COMPILATION_MODE = wholemodule;
				SWIFT_OPTIMIZATION_LEVEL = "-O";
				VALIDATE_PRODUCT = YES;
			};
			name = Release;
		};
		ABD3F2FE270AE3D00056DFDF /* Debug */ = {
			isa = XCBuildConfiguration;
			baseConfigurationReference = 31DA8047B42F3194A690AB43 /* Pods-piaxv5firebase.debug.xcconfig */;
			buildSettings = {
				ASSETCATALOG_COMPILER_APPICON_NAME = AppIcon;
				ASSETCATALOG_COMPILER_GLOBAL_ACCENT_COLOR_NAME = AccentColor;
				CODE_SIGN_STYLE = Automatic;
				CURRENT_PROJECT_VERSION = 1;
				DEVELOPMENT_TEAM = 6SGQZ32758;
				GENERATE_INFOPLIST_FILE = YES;
				INFOPLIST_FILE = piaxv5firebase/Info.plist;
				INFOPLIST_KEY_UIApplicationSupportsIndirectInputEvents = YES;
				INFOPLIST_KEY_UILaunchStoryboardName = LaunchScreen;
				INFOPLIST_KEY_UIMainStoryboardFile = Main;
				INFOPLIST_KEY_UISupportedInterfaceOrientations_iPad = "UIInterfaceOrientationPortrait UIInterfaceOrientationPortraitUpsideDown UIInterfaceOrientationLandscapeLeft UIInterfaceOrientationLandscapeRight";
				INFOPLIST_KEY_UISupportedInterfaceOrientations_iPhone = "UIInterfaceOrientationPortrait UIInterfaceOrientationLandscapeLeft UIInterfaceOrientationLandscapeRight";
				LD_RUNPATH_SEARCH_PATHS = (
					"$(inherited)",
					"@executable_path/Frameworks",
				);
				MARKETING_VERSION = 1.0;
				PRODUCT_BUNDLE_IDENTIFIER = se.magictechnology.piaxv5firebase;
				PRODUCT_NAME = "$(TARGET_NAME)";
				SWIFT_EMIT_LOC_STRINGS = YES;
				SWIFT_VERSION = 5.0;
				TARGETED_DEVICE_FAMILY = "1,2";
			};
			name = Debug;
		};
		ABD3F2FF270AE3D00056DFDF /* Release */ = {
			isa = XCBuildConfiguration;
			baseConfigurationReference = 9434ECD7EEC2843802FAB1F4 /* Pods-piaxv5firebase.release.xcconfig */;
			buildSettings = {
				ASSETCATALOG_COMPILER_APPICON_NAME = AppIcon;
				ASSETCATALOG_COMPILER_GLOBAL_ACCENT_COLOR_NAME = AccentColor;
				CODE_SIGN_STYLE = Automatic;
				CURRENT_PROJECT_VERSION = 1;
				DEVELOPMENT_TEAM = 6SGQZ32758;
				GENERATE_INFOPLIST_FILE = YES;
				INFOPLIST_FILE = piaxv5firebase/Info.plist;
				INFOPLIST_KEY_UIApplicationSupportsIndirectInputEvents = YES;
				INFOPLIST_KEY_UILaunchStoryboardName = LaunchScreen;
				INFOPLIST_KEY_UIMainStoryboardFile = Main;
				INFOPLIST_KEY_UISupportedInterfaceOrientations_iPad = "UIInterfaceOrientationPortrait UIInterfaceOrientationPortraitUpsideDown UIInterfaceOrientationLandscapeLeft UIInterfaceOrientationLandscapeRight";
				INFOPLIST_KEY_UISupportedInterfaceOrientations_iPhone = "UIInterfaceOrientationPortrait UIInterfaceOrientationLandscapeLeft UIInterfaceOrientationLandscapeRight";
				LD_RUNPATH_SEARCH_PATHS = (
					"$(inherited)",
					"@executable_path/Frameworks",
				);
				MARKETING_VERSION = 1.0;
				PRODUCT_BUNDLE_IDENTIFIER = se.magictechnology.piaxv5firebase;
				PRODUCT_NAME = "$(TARGET_NAME)";
				SWIFT_EMIT_LOC_STRINGS = YES;
				SWIFT_VERSION = 5.0;
				TARGETED_DEVICE_FAMILY = "1,2";
			};
			name = Release;
		};
/* End XCBuildConfiguration section */

/* Begin XCConfigurationList section */
		ABD3F2E4270AE3CF0056DFDF /* Build configuration list for PBXProject "piaxv5firebase" */ = {
			isa = XCConfigurationList;
			buildConfigurations = (
				ABD3F2FB270AE3D00056DFDF /* Debug */,
				ABD3F2FC270AE3D00056DFDF /* Release */,
			);
			defaultConfigurationIsVisible = 0;
			defaultConfigurationName = Release;
		};
		ABD3F2FD270AE3D00056DFDF /* Build configuration list for PBXNativeTarget "piaxv5firebase" */ = {
			isa = XCConfigurationList;
			buildConfigurations = (
				ABD3F2FE270AE3D00056DFDF /* Debug */,
				ABD3F2FF270AE3D00056DFDF /* Release */,
			);
			defaultConfigurationIsVisible = 0;
			defaultConfigurationName = Release;
		};
/* End XCConfigurationList section */
	};
	rootObject = ABD3F2E1270AE3CF0056DFDF /* Project object */;
}
